// !$*UTF8*$!
{
	archiveVersion = 1;
	classes = {
	};
	objectVersion = 56;
	objects = {

/* Begin PBXBuildFile section */
		C949ADA62B498D87002AC8B6 /* ImageViewModel.swift in Sources */ = {isa = PBXBuildFile; fileRef = C949ADA52B498D87002AC8B6 /* ImageViewModel.swift */; };
		C99198922B492BBD00FC2D88 /* ReturnView.swift in Sources */ = {isa = PBXBuildFile; fileRef = C99198912B492BBD00FC2D88 /* ReturnView.swift */; };
		C9BDE2AC2B488A5C0047CA0A /* UCLibraryCatalogueApp.swift in Sources */ = {isa = PBXBuildFile; fileRef = C9BDE2AB2B488A5C0047CA0A /* UCLibraryCatalogueApp.swift */; };
		C9BDE2AE2B488A5C0047CA0A /* ContentView.swift in Sources */ = {isa = PBXBuildFile; fileRef = C9BDE2AD2B488A5C0047CA0A /* ContentView.swift */; };
		C9BDE2B02B488A5E0047CA0A /* Assets.xcassets in Resources */ = {isa = PBXBuildFile; fileRef = C9BDE2AF2B488A5E0047CA0A /* Assets.xcassets */; };
		C9BDE2B32B488A5E0047CA0A /* Preview Assets.xcassets in Resources */ = {isa = PBXBuildFile; fileRef = C9BDE2B22B488A5E0047CA0A /* Preview Assets.xcassets */; };
		C9BDE2BB2B488A940047CA0A /* CatalogueView.swift in Sources */ = {isa = PBXBuildFile; fileRef = C9BDE2BA2B488A940047CA0A /* CatalogueView.swift */; };
		C9BDE2BD2B488C5C0047CA0A /* BookDetailView.swift in Sources */ = {isa = PBXBuildFile; fileRef = C9BDE2BC2B488C5C0047CA0A /* BookDetailView.swift */; };
		C9BDE2BF2B48942E0047CA0A /* BorrowView.swift in Sources */ = {isa = PBXBuildFile; fileRef = C9BDE2BE2B48942E0047CA0A /* BorrowView.swift */; };
		C9BDE2C22B489CD80047CA0A /* BooksCatalogueModel.swift in Sources */ = {isa = PBXBuildFile; fileRef = C9BDE2C12B489CD80047CA0A /* BooksCatalogueModel.swift */; };
		C9BDE2C92B48A1F70047CA0A /* BooksCatalogueViewModel.swift in Sources */ = {isa = PBXBuildFile; fileRef = C9BDE2C82B48A1F70047CA0A /* BooksCatalogueViewModel.swift */; };
		C9BDE2CF2B49148F0047CA0A /* BorrowerModel.swift in Sources */ = {isa = PBXBuildFile; fileRef = C9BDE2CE2B49148F0047CA0A /* BorrowerModel.swift */; };
		C9BDE2D12B49150F0047CA0A /* BorrowerViewModel.swift in Sources */ = {isa = PBXBuildFile; fileRef = C9BDE2D02B49150F0047CA0A /* BorrowerViewModel.swift */; };
/* End PBXBuildFile section */

/* Begin PBXFileReference section */
		C949ADA52B498D87002AC8B6 /* ImageViewModel.swift */ = {isa = PBXFileReference; lastKnownFileType = sourcecode.swift; path = ImageViewModel.swift; sourceTree = "<group>"; };
		C99198912B492BBD00FC2D88 /* ReturnView.swift */ = {isa = PBXFileReference; lastKnownFileType = sourcecode.swift; path = ReturnView.swift; sourceTree = "<group>"; };
		C9BDE2A82B488A5C0047CA0A /* UCLibraryCatalogue.app */ = {isa = PBXFileReference; explicitFileType = wrapper.application; includeInIndex = 0; path = UCLibraryCatalogue.app; sourceTree = BUILT_PRODUCTS_DIR; };
		C9BDE2AB2B488A5C0047CA0A /* UCLibraryCatalogueApp.swift */ = {isa = PBXFileReference; lastKnownFileType = sourcecode.swift; path = UCLibraryCatalogueApp.swift; sourceTree = "<group>"; };
		C9BDE2AD2B488A5C0047CA0A /* ContentView.swift */ = {isa = PBXFileReference; lastKnownFileType = sourcecode.swift; path = ContentView.swift; sourceTree = "<group>"; };
		C9BDE2AF2B488A5E0047CA0A /* Assets.xcassets */ = {isa = PBXFileReference; lastKnownFileType = folder.assetcatalog; path = Assets.xcassets; sourceTree = "<group>"; };
		C9BDE2B22B488A5E0047CA0A /* Preview Assets.xcassets */ = {isa = PBXFileReference; lastKnownFileType = folder.assetcatalog; path = "Preview Assets.xcassets"; sourceTree = "<group>"; };
		C9BDE2BA2B488A940047CA0A /* CatalogueView.swift */ = {isa = PBXFileReference; lastKnownFileType = sourcecode.swift; path = CatalogueView.swift; sourceTree = "<group>"; };
		C9BDE2BC2B488C5C0047CA0A /* BookDetailView.swift */ = {isa = PBXFileReference; lastKnownFileType = sourcecode.swift; path = BookDetailView.swift; sourceTree = "<group>"; };
		C9BDE2BE2B48942E0047CA0A /* BorrowView.swift */ = {isa = PBXFileReference; lastKnownFileType = sourcecode.swift; path = BorrowView.swift; sourceTree = "<group>"; };
		C9BDE2C12B489CD80047CA0A /* BooksCatalogueModel.swift */ = {isa = PBXFileReference; lastKnownFileType = sourcecode.swift; path = BooksCatalogueModel.swift; sourceTree = "<group>"; };
		C9BDE2C82B48A1F70047CA0A /* BooksCatalogueViewModel.swift */ = {isa = PBXFileReference; lastKnownFileType = sourcecode.swift; path = BooksCatalogueViewModel.swift; sourceTree = "<group>"; };
		C9BDE2CD2B490D0B0047CA0A /* Info.plist */ = {isa = PBXFileReference; lastKnownFileType = text.plist; path = Info.plist; sourceTree = "<group>"; };
		C9BDE2CE2B49148F0047CA0A /* BorrowerModel.swift */ = {isa = PBXFileReference; lastKnownFileType = sourcecode.swift; path = BorrowerModel.swift; sourceTree = "<group>"; };
		C9BDE2D02B49150F0047CA0A /* BorrowerViewModel.swift */ = {isa = PBXFileReference; lastKnownFileType = sourcecode.swift; path = BorrowerViewModel.swift; sourceTree = "<group>"; };
/* End PBXFileReference section */

/* Begin PBXFrameworksBuildPhase section */
		C9BDE2A52B488A5C0047CA0A /* Frameworks */ = {
			isa = PBXFrameworksBuildPhase;
			buildActionMask = 2147483647;
			files = (
			);
			runOnlyForDeploymentPostprocessing = 0;
		};
/* End PBXFrameworksBuildPhase section */

/* Begin PBXGroup section */
		C9BDE29F2B488A5C0047CA0A = {
			isa = PBXGroup;
			children = (
				C9BDE2AA2B488A5C0047CA0A /* UCLibraryCatalogue */,
				C9BDE2A92B488A5C0047CA0A /* Products */,
			);
			sourceTree = "<group>";
		};
		C9BDE2A92B488A5C0047CA0A /* Products */ = {
			isa = PBXGroup;
			children = (
				C9BDE2A82B488A5C0047CA0A /* UCLibraryCatalogue.app */,
			);
			name = Products;
			sourceTree = "<group>";
		};
		C9BDE2AA2B488A5C0047CA0A /* UCLibraryCatalogue */ = {
			isa = PBXGroup;
			children = (
				C9BDE2CD2B490D0B0047CA0A /* Info.plist */,
				C9BDE2CA2B48B5390047CA0A /* ViewModel */,
				C9BDE2C02B489CC20047CA0A /* Model */,
				C9BDE2B92B488A820047CA0A /* View */,
				C9BDE2AB2B488A5C0047CA0A /* UCLibraryCatalogueApp.swift */,
				C9BDE2AD2B488A5C0047CA0A /* ContentView.swift */,
				C9BDE2AF2B488A5E0047CA0A /* Assets.xcassets */,
				C9BDE2B12B488A5E0047CA0A /* Preview Content */,
			);
			path = UCLibraryCatalogue;
			sourceTree = "<group>";
		};
		C9BDE2B12B488A5E0047CA0A /* Preview Content */ = {
			isa = PBXGroup;
			children = (
				C9BDE2B22B488A5E0047CA0A /* Preview Assets.xcassets */,
			);
			path = "Preview Content";
			sourceTree = "<group>";
		};
		C9BDE2B92B488A820047CA0A /* View */ = {
			isa = PBXGroup;
			children = (
				C9BDE2BA2B488A940047CA0A /* CatalogueView.swift */,
				C9BDE2BC2B488C5C0047CA0A /* BookDetailView.swift */,
				C9BDE2BE2B48942E0047CA0A /* BorrowView.swift */,
				C99198912B492BBD00FC2D88 /* ReturnView.swift */,
			);
			path = View;
			sourceTree = "<group>";
		};
		C9BDE2C02B489CC20047CA0A /* Model */ = {
			isa = PBXGroup;
			children = (
				C9BDE2C12B489CD80047CA0A /* BooksCatalogueModel.swift */,
				C9BDE2CE2B49148F0047CA0A /* BorrowerModel.swift */,
			);
			path = Model;
			sourceTree = "<group>";
		};
		C9BDE2CA2B48B5390047CA0A /* ViewModel */ = {
			isa = PBXGroup;
			children = (
				C9BDE2C82B48A1F70047CA0A /* BooksCatalogueViewModel.swift */,
				C9BDE2D02B49150F0047CA0A /* BorrowerViewModel.swift */,
				C949ADA52B498D87002AC8B6 /* ImageViewModel.swift */,
			);
			path = ViewModel;
			sourceTree = "<group>";
		};
/* End PBXGroup section */

/* Begin PBXNativeTarget section */
		C9BDE2A72B488A5C0047CA0A /* UCLibraryCatalogue */ = {
			isa = PBXNativeTarget;
			buildConfigurationList = C9BDE2B62B488A5E0047CA0A /* Build configuration list for PBXNativeTarget "UCLibraryCatalogue" */;
			buildPhases = (
				C9BDE2A42B488A5C0047CA0A /* Sources */,
				C9BDE2A52B488A5C0047CA0A /* Frameworks */,
				C9BDE2A62B488A5C0047CA0A /* Resources */,
			);
			buildRules = (
			);
			dependencies = (
			);
			name = UCLibraryCatalogue;
			productName = UCLibraryCatalogue;
			productReference = C9BDE2A82B488A5C0047CA0A /* UCLibraryCatalogue.app */;
			productType = "com.apple.product-type.application";
		};
/* End PBXNativeTarget section */

/* Begin PBXProject section */
		C9BDE2A02B488A5C0047CA0A /* Project object */ = {
			isa = PBXProject;
			attributes = {
				BuildIndependentTargetsInParallel = 1;
				LastSwiftUpdateCheck = 1500;
				LastUpgradeCheck = 1500;
				TargetAttributes = {
					C9BDE2A72B488A5C0047CA0A = {
						CreatedOnToolsVersion = 15.0;
					};
				};
			};
			buildConfigurationList = C9BDE2A32B488A5C0047CA0A /* Build configuration list for PBXProject "UCLibraryCatalogue" */;
			compatibilityVersion = "Xcode 14.0";
			developmentRegion = en;
			hasScannedForEncodings = 0;
			knownRegions = (
				en,
				Base,
			);
			mainGroup = C9BDE29F2B488A5C0047CA0A;
			productRefGroup = C9BDE2A92B488A5C0047CA0A /* Products */;
			projectDirPath = "";
			projectRoot = "";
			targets = (
				C9BDE2A72B488A5C0047CA0A /* UCLibraryCatalogue */,
			);
		};
/* End PBXProject section */

/* Begin PBXResourcesBuildPhase section */
		C9BDE2A62B488A5C0047CA0A /* Resources */ = {
			isa = PBXResourcesBuildPhase;
			buildActionMask = 2147483647;
			files = (
				C9BDE2B32B488A5E0047CA0A /* Preview Assets.xcassets in Resources */,
				C9BDE2B02B488A5E0047CA0A /* Assets.xcassets in Resources */,
			);
			runOnlyForDeploymentPostprocessing = 0;
		};
/* End PBXResourcesBuildPhase section */

/* Begin PBXSourcesBuildPhase section */
		C9BDE2A42B488A5C0047CA0A /* Sources */ = {
			isa = PBXSourcesBuildPhase;
			buildActionMask = 2147483647;
			files = (
				C9BDE2BF2B48942E0047CA0A /* BorrowView.swift in Sources */,
				C9BDE2CF2B49148F0047CA0A /* BorrowerModel.swift in Sources */,
				C99198922B492BBD00FC2D88 /* ReturnView.swift in Sources */,
				C9BDE2BD2B488C5C0047CA0A /* BookDetailView.swift in Sources */,
				C9BDE2AE2B488A5C0047CA0A /* ContentView.swift in Sources */,
				C9BDE2AC2B488A5C0047CA0A /* UCLibraryCatalogueApp.swift in Sources */,
				C9BDE2C22B489CD80047CA0A /* BooksCatalogueModel.swift in Sources */,
				C9BDE2BB2B488A940047CA0A /* CatalogueView.swift in Sources */,
				C9BDE2C92B48A1F70047CA0A /* BooksCatalogueViewModel.swift in Sources */,
				C949ADA62B498D87002AC8B6 /* ImageViewModel.swift in Sources */,
				C9BDE2D12B49150F0047CA0A /* BorrowerViewModel.swift in Sources */,
			);
			runOnlyForDeploymentPostprocessing = 0;
		};
/* End PBXSourcesBuildPhase section */

/* Begin XCBuildConfiguration section */
		C9BDE2B42B488A5E0047CA0A /* Debug */ = {
			isa = XCBuildConfiguration;
			buildSettings = {
				ALWAYS_SEARCH_USER_PATHS = NO;
				ASSETCATALOG_COMPILER_GENERATE_SWIFT_ASSET_SYMBOL_EXTENSIONS = YES;
				CLANG_ANALYZER_NONNULL = YES;
				CLANG_ANALYZER_NUMBER_OBJECT_CONVERSION = YES_AGGRESSIVE;
				CLANG_CXX_LANGUAGE_STANDARD = "gnu++20";
				CLANG_ENABLE_MODULES = YES;
				CLANG_ENABLE_OBJC_ARC = YES;
				CLANG_ENABLE_OBJC_WEAK = YES;
				CLANG_WARN_BLOCK_CAPTURE_AUTORELEASING = YES;
				CLANG_WARN_BOOL_CONVERSION = YES;
				CLANG_WARN_COMMA = YES;
				CLANG_WARN_CONSTANT_CONVERSION = YES;
				CLANG_WARN_DEPRECATED_OBJC_IMPLEMENTATIONS = YES;
				CLANG_WARN_DIRECT_OBJC_ISA_USAGE = YES_ERROR;
				CLANG_WARN_DOCUMENTATION_COMMENTS = YES;
				CLANG_WARN_EMPTY_BODY = YES;
				CLANG_WARN_ENUM_CONVERSION = YES;
				CLANG_WARN_INFINITE_RECURSION = YES;
				CLANG_WARN_INT_CONVERSION = YES;
				CLANG_WARN_NON_LITERAL_NULL_CONVERSION = YES;
				CLANG_WARN_OBJC_IMPLICIT_RETAIN_SELF = YES;
				CLANG_WARN_OBJC_LITERAL_CONVERSION = YES;
				CLANG_WARN_OBJC_ROOT_CLASS = YES_ERROR;
				CLANG_WARN_QUOTED_INCLUDE_IN_FRAMEWORK_HEADER = YES;
				CLANG_WARN_RANGE_LOOP_ANALYSIS = YES;
				CLANG_WARN_STRICT_PROTOTYPES = YES;
				CLANG_WARN_SUSPICIOUS_MOVE = YES;
				CLANG_WARN_UNGUARDED_AVAILABILITY = YES_AGGRESSIVE;
				CLANG_WARN_UNREACHABLE_CODE = YES;
				CLANG_WARN__DUPLICATE_METHOD_MATCH = YES;
				COPY_PHASE_STRIP = NO;
				DEBUG_INFORMATION_FORMAT = dwarf;
				ENABLE_STRICT_OBJC_MSGSEND = YES;
				ENABLE_TESTABILITY = YES;
				ENABLE_USER_SCRIPT_SANDBOXING = YES;
				GCC_C_LANGUAGE_STANDARD = gnu17;
				GCC_DYNAMIC_NO_PIC = NO;
				GCC_NO_COMMON_BLOCKS = YES;
				GCC_OPTIMIZATION_LEVEL = 0;
				GCC_PREPROCESSOR_DEFINITIONS = (
					"DEBUG=1",
					"$(inherited)",
				);
				GCC_WARN_64_TO_32_BIT_CONVERSION = YES;
				GCC_WARN_ABOUT_RETURN_TYPE = YES_ERROR;
				GCC_WARN_UNDECLARED_SELECTOR = YES;
				GCC_WARN_UNINITIALIZED_AUTOS = YES_AGGRESSIVE;
				GCC_WARN_UNUSED_FUNCTION = YES;
				GCC_WARN_UNUSED_VARIABLE = YES;
				IPHONEOS_DEPLOYMENT_TARGET = 17.0;
				LOCALIZATION_PREFERS_STRING_CATALOGS = YES;
				MTL_ENABLE_DEBUG_INFO = INCLUDE_SOURCE;
				MTL_FAST_MATH = YES;
				ONLY_ACTIVE_ARCH = YES;
				SDKROOT = iphoneos;
				SWIFT_ACTIVE_COMPILATION_CONDITIONS = "DEBUG $(inherited)";
				SWIFT_OPTIMIZATION_LEVEL = "-Onone";
			};
			name = Debug;
		};
		C9BDE2B52B488A5E0047CA0A /* Release */ = {
			isa = XCBuildConfiguration;
			buildSettings = {
				ALWAYS_SEARCH_USER_PATHS = NO;
				ASSETCATALOG_COMPILER_GENERATE_SWIFT_ASSET_SYMBOL_EXTENSIONS = YES;
				CLANG_ANALYZER_NONNULL = YES;
				CLANG_ANALYZER_NUMBER_OBJECT_CONVERSION = YES_AGGRESSIVE;
				CLANG_CXX_LANGUAGE_STANDARD = "gnu++20";
				CLANG_ENABLE_MODULES = YES;
				CLANG_ENABLE_OBJC_ARC = YES;
				CLANG_ENABLE_OBJC_WEAK = YES;
				CLANG_WARN_BLOCK_CAPTURE_AUTORELEASING = YES;
				CLANG_WARN_BOOL_CONVERSION = YES;
				CLANG_WARN_COMMA = YES;
				CLANG_WARN_CONSTANT_CONVERSION = YES;
				CLANG_WARN_DEPRECATED_OBJC_IMPLEMENTATIONS = YES;
				CLANG_WARN_DIRECT_OBJC_ISA_USAGE = YES_ERROR;
				CLANG_WARN_DOCUMENTATION_COMMENTS = YES;
				CLANG_WARN_EMPTY_BODY = YES;
				CLANG_WARN_ENUM_CONVERSION = YES;
				CLANG_WARN_INFINITE_RECURSION = YES;
				CLANG_WARN_INT_CONVERSION = YES;
				CLANG_WARN_NON_LITERAL_NULL_CONVERSION = YES;
				CLANG_WARN_OBJC_IMPLICIT_RETAIN_SELF = YES;
				CLANG_WARN_OBJC_LITERAL_CONVERSION = YES;
				CLANG_WARN_OBJC_ROOT_CLASS = YES_ERROR;
				CLANG_WARN_QUOTED_INCLUDE_IN_FRAMEWORK_HEADER = YES;
				CLANG_WARN_RANGE_LOOP_ANALYSIS = YES;
				CLANG_WARN_STRICT_PROTOTYPES = YES;
				CLANG_WARN_SUSPICIOUS_MOVE = YES;
				CLANG_WARN_UNGUARDED_AVAILABILITY = YES_AGGRESSIVE;
				CLANG_WARN_UNREACHABLE_CODE = YES;
				CLANG_WARN__DUPLICATE_METHOD_MATCH = YES;
				COPY_PHASE_STRIP = NO;
				DEBUG_INFORMATION_FORMAT = "dwarf-with-dsym";
				ENABLE_NS_ASSERTIONS = NO;
				ENABLE_STRICT_OBJC_MSGSEND = YES;
				ENABLE_USER_SCRIPT_SANDBOXING = YES;
				GCC_C_LANGUAGE_STANDARD = gnu17;
				GCC_NO_COMMON_BLOCKS = YES;
				GCC_WARN_64_TO_32_BIT_CONVERSION = YES;
				GCC_WARN_ABOUT_RETURN_TYPE = YES_ERROR;
				GCC_WARN_UNDECLARED_SELECTOR = YES;
				GCC_WARN_UNINITIALIZED_AUTOS = YES_AGGRESSIVE;
				GCC_WARN_UNUSED_FUNCTION = YES;
				GCC_WARN_UNUSED_VARIABLE = YES;
				IPHONEOS_DEPLOYMENT_TARGET = 17.0;
				LOCALIZATION_PREFERS_STRING_CATALOGS = YES;
				MTL_ENABLE_DEBUG_INFO = NO;
				MTL_FAST_MATH = YES;
				SDKROOT = iphoneos;
				SWIFT_COMPILATION_MODE = wholemodule;
				VALIDATE_PRODUCT = YES;
			};
			name = Release;
		};
		C9BDE2B72B488A5E0047CA0A /* Debug */ = {
			isa = XCBuildConfiguration;
			buildSettings = {
				ASSETCATALOG_COMPILER_APPICON_NAME = AppIcon;
				ASSETCATALOG_COMPILER_GLOBAL_ACCENT_COLOR_NAME = AccentColor;
				CODE_SIGN_STYLE = Automatic;
				CURRENT_PROJECT_VERSION = 1;
				DEVELOPMENT_ASSET_PATHS = "\"UCLibraryCatalogue/Preview Content\"";
				DEVELOPMENT_TEAM = GVC59RAZPM;
				ENABLE_PREVIEWS = YES;
				GENERATE_INFOPLIST_FILE = YES;
				INFOPLIST_FILE = UCLibraryCatalogue/Info.plist;
				INFOPLIST_KEY_UIApplicationSceneManifest_Generation = YES;
				INFOPLIST_KEY_UIApplicationSupportsIndirectInputEvents = YES;
				INFOPLIST_KEY_UILaunchScreen_Generation = YES;
				INFOPLIST_KEY_UISupportedInterfaceOrientations_iPad = "UIInterfaceOrientationPortrait UIInterfaceOrientationPortraitUpsideDown UIInterfaceOrientationLandscapeLeft UIInterfaceOrientationLandscapeRight";
				INFOPLIST_KEY_UISupportedInterfaceOrientations_iPhone = "UIInterfaceOrientationPortrait UIInterfaceOrientationLandscapeLeft UIInterfaceOrientationLandscapeRight";
				LD_RUNPATH_SEARCH_PATHS = (
					"$(inherited)",
					"@executable_path/Frameworks",
				);
				MARKETING_VERSION = 1.0;
				PRODUCT_BUNDLE_IDENTIFIER = com.ada.UCLibraryCatalogue;
				PRODUCT_NAME = "$(TARGET_NAME)";
				SWIFT_EMIT_LOC_STRINGS = YES;
				SWIFT_VERSION = 5.0;
				TARGETED_DEVICE_FAMILY = "1,2";
			};
			name = Debug;
		};
		C9BDE2B82B488A5E0047CA0A /* Release */ = {
			isa = XCBuildConfiguration;
			buildSettings = {
				ASSETCATALOG_COMPILER_APPICON_NAME = AppIcon;
				ASSETCATALOG_COMPILER_GLOBAL_ACCENT_COLOR_NAME = AccentColor;
				CODE_SIGN_STYLE = Automatic;
				CURRENT_PROJECT_VERSION = 1;
				DEVELOPMENT_ASSET_PATHS = "\"UCLibraryCatalogue/Preview Content\"";
				DEVELOPMENT_TEAM = GVC59RAZPM;
				ENABLE_PREVIEWS = YES;
				GENERATE_INFOPLIST_FILE = YES;
				INFOPLIST_FILE = UCLibraryCatalogue/Info.plist;
				INFOPLIST_KEY_UIApplicationSceneManifest_Generation = YES;
				INFOPLIST_KEY_UIApplicationSupportsIndirectInputEvents = YES;
				INFOPLIST_KEY_UILaunchScreen_Generation = YES;
				INFOPLIST_KEY_UISupportedInterfaceOrientations_iPad = "UIInterfaceOrientationPortrait UIInterfaceOrientationPortraitUpsideDown UIInterfaceOrientationLandscapeLeft UIInterfaceOrientationLandscapeRight";
				INFOPLIST_KEY_UISupportedInterfaceOrientations_iPhone = "UIInterfaceOrientationPortrait UIInterfaceOrientationLandscapeLeft UIInterfaceOrientationLandscapeRight";
				LD_RUNPATH_SEARCH_PATHS = (
					"$(inherited)",
					"@executable_path/Frameworks",
				);
				MARKETING_VERSION = 1.0;
				PRODUCT_BUNDLE_IDENTIFIER = com.ada.UCLibraryCatalogue;
				PRODUCT_NAME = "$(TARGET_NAME)";
				SWIFT_EMIT_LOC_STRINGS = YES;
				SWIFT_VERSION = 5.0;
				TARGETED_DEVICE_FAMILY = "1,2";
			};
			name = Release;
		};
/* End XCBuildConfiguration section */

/* Begin XCConfigurationList section */
		C9BDE2A32B488A5C0047CA0A /* Build configuration list for PBXProject "UCLibraryCatalogue" */ = {
			isa = XCConfigurationList;
			buildConfigurations = (
				C9BDE2B42B488A5E0047CA0A /* Debug */,
				C9BDE2B52B488A5E0047CA0A /* Release */,
			);
			defaultConfigurationIsVisible = 0;
			defaultConfigurationName = Release;
		};
		C9BDE2B62B488A5E0047CA0A /* Build configuration list for PBXNativeTarget "UCLibraryCatalogue" */ = {
			isa = XCConfigurationList;
			buildConfigurations = (
				C9BDE2B72B488A5E0047CA0A /* Debug */,
				C9BDE2B82B488A5E0047CA0A /* Release */,
			);
			defaultConfigurationIsVisible = 0;
			defaultConfigurationName = Release;
		};
/* End XCConfigurationList section */
	};
	rootObject = C9BDE2A02B488A5C0047CA0A /* Project object */;
}
